# This file was autogenerated by Stack.
# You should not edit this file by hand.
# For more information, please see the documentation at:
#   https://docs.haskellstack.org/en/stable/lock_files

packages:
- completed:
    hackage: aeson-typescript-0.2.0.0@sha256:d4bd016c04612bd6cbc02e3e38315de3bbf4f50c408f720b4472928b6ac4b59f,2642
    pantry-tree:
      size: 1719
      sha256: 92ba5548e53be350edd6f5961a51375d77c0358a738a9a4f6bb496bf85f6935a
  original:
    hackage: aeson-typescript-0.2.0.0@sha256:d4bd016c04612bd6cbc02e3e38315de3bbf4f50c408f720b4472928b6ac4b59f,2642
- completed:
    hackage: string-random-0.1.2.0@sha256:db4f801dec1ec72cba7d662b9774da60ff54de6d05478e94478d6d730dc5034f,2439
    pantry-tree:
      size: 489
      sha256: 21c7e61fceea98d14b453fc74c947b715ce33fe4c665c65b1f28c6f417d4ab7e
  original:
    hackage: string-random-0.1.2.0@sha256:db4f801dec1ec72cba7d662b9774da60ff54de6d05478e94478d6d730dc5034f,2439
snapshots:
- completed:
    size: 491373
    url: https://raw.githubusercontent.com/commercialhaskell/stackage-snapshots/master/lts/15/3.yaml
    sha256: 29e9ff61b8bf4b4fcff55cde3ac106ebb971f0d21331dccac9eee63374fa6ca8
  original: lts-15.3
